// !$*UTF8*$!
{
	archiveVersion = 1;
	classes = {
	};
	objectVersion = 46;
	objects = {

/* Begin PBXBuildFile section */
		428DA3851C0A92AD001666EF /* AppDelegate.swift in Sources */ = {isa = PBXBuildFile; fileRef = 428DA3841C0A92AD001666EF /* AppDelegate.swift */; };
		428DA3871C0A92AD001666EF /* Assets.xcassets in Resources */ = {isa = PBXBuildFile; fileRef = 428DA3861C0A92AD001666EF /* Assets.xcassets */; };
		428DA38A1C0A92AD001666EF /* MainMenu.xib in Resources */ = {isa = PBXBuildFile; fileRef = 428DA3881C0A92AD001666EF /* MainMenu.xib */; };
		428DA3911C0A92E1001666EF /* fileserver.swift in Sources */ = {isa = PBXBuildFile; fileRef = 428DA3901C0A92E1001666EF /* fileserver.swift */; };
		428DA3A11C0A949E001666EF /* twohundred.framework in Frameworks */ = {isa = PBXBuildFile; fileRef = 428DA39C1C0A9482001666EF /* twohundred.framework */; };
		428DA3A31C0A94A8001666EF /* twohundred.framework in Embed Frameworks */ = {isa = PBXBuildFile; fileRef = 428DA39C1C0A9482001666EF /* twohundred.framework */; settings = {ATTRIBUTES = (CodeSignOnCopy, RemoveHeadersOnCopy, ); }; };
/* End PBXBuildFile section */

/* Begin PBXContainerItemProxy section */
		428DA39B1C0A9482001666EF /* PBXContainerItemProxy */ = {
			isa = PBXContainerItemProxy;
			containerPortal = 428DA3961C0A9482001666EF /* twohundred.xcodeproj */;
			proxyType = 2;
			remoteGlobalIDString = 4229FD2A1BE5A5A7009BE9D9;
			remoteInfo = twohundred;
		};
		428DA39D1C0A9482001666EF /* PBXContainerItemProxy */ = {
			isa = PBXContainerItemProxy;
			containerPortal = 428DA3961C0A9482001666EF /* twohundred.xcodeproj */;
			proxyType = 2;
			remoteGlobalIDString = 4229FD341BE5A5A7009BE9D9;
			remoteInfo = tests;
		};
		428DA39F1C0A949A001666EF /* PBXContainerItemProxy */ = {
			isa = PBXContainerItemProxy;
			containerPortal = 428DA3961C0A9482001666EF /* twohundred.xcodeproj */;
			proxyType = 1;
			remoteGlobalIDString = 4229FD291BE5A5A7009BE9D9;
			remoteInfo = twohundred;
		};
		428DA3A41C0A94A8001666EF /* PBXContainerItemProxy */ = {
			isa = PBXContainerItemProxy;
			containerPortal = 428DA3961C0A9482001666EF /* twohundred.xcodeproj */;
			proxyType = 1;
			remoteGlobalIDString = 4229FD291BE5A5A7009BE9D9;
			remoteInfo = twohundred;
		};
/* End PBXContainerItemProxy section */

/* Begin PBXCopyFilesBuildPhase section */
		428DA3A61C0A94A8001666EF /* Embed Frameworks */ = {
			isa = PBXCopyFilesBuildPhase;
			buildActionMask = 2147483647;
			dstPath = "";
			dstSubfolderSpec = 10;
			files = (
				428DA3A31C0A94A8001666EF /* twohundred.framework in Embed Frameworks */,
			);
			name = "Embed Frameworks";
			runOnlyForDeploymentPostprocessing = 0;
		};
/* End PBXCopyFilesBuildPhase section */

/* Begin PBXFileReference section */
		428DA3821C0A92AD001666EF /* fileserver.app */ = {isa = PBXFileReference; explicitFileType = wrapper.application; includeInIndex = 0; path = fileserver.app; sourceTree = BUILT_PRODUCTS_DIR; };
		428DA3841C0A92AD001666EF /* AppDelegate.swift */ = {isa = PBXFileReference; lastKnownFileType = sourcecode.swift; path = AppDelegate.swift; sourceTree = "<group>"; };
		428DA3861C0A92AD001666EF /* Assets.xcassets */ = {isa = PBXFileReference; lastKnownFileType = folder.assetcatalog; path = Assets.xcassets; sourceTree = "<group>"; };
		428DA3891C0A92AD001666EF /* Base */ = {isa = PBXFileReference; lastKnownFileType = file.xib; name = Base; path = Base.lproj/MainMenu.xib; sourceTree = "<group>"; };
		428DA38B1C0A92AD001666EF /* Info.plist */ = {isa = PBXFileReference; lastKnownFileType = text.plist.xml; path = Info.plist; sourceTree = "<group>"; };
		428DA3901C0A92E1001666EF /* fileserver.swift */ = {isa = PBXFileReference; fileEncoding = 4; lastKnownFileType = sourcecode.swift; path = fileserver.swift; sourceTree = "<group>"; };
		428DA3961C0A9482001666EF /* twohundred.xcodeproj */ = {isa = PBXFileReference; lastKnownFileType = "wrapper.pb-project"; name = twohundred.xcodeproj; path = ../twohundred.xcodeproj; sourceTree = "<group>"; };
/* End PBXFileReference section */

/* Begin PBXFrameworksBuildPhase section */
		428DA37F1C0A92AD001666EF /* Frameworks */ = {
			isa = PBXFrameworksBuildPhase;
			buildActionMask = 2147483647;
			files = (
				428DA3A11C0A949E001666EF /* twohundred.framework in Frameworks */,
			);
			runOnlyForDeploymentPostprocessing = 0;
		};
/* End PBXFrameworksBuildPhase section */

/* Begin PBXGroup section */
		428DA3561C0A872C001666EF = {
			isa = PBXGroup;
			children = (
				428DA3961C0A9482001666EF /* twohundred.xcodeproj */,
				428DA3831C0A92AD001666EF /* fileserver */,
				428DA3601C0A872C001666EF /* Products */,
			);
			sourceTree = "<group>";
		};
		428DA3601C0A872C001666EF /* Products */ = {
			isa = PBXGroup;
			children = (
				428DA3821C0A92AD001666EF /* fileserver.app */,
			);
			name = Products;
			sourceTree = "<group>";
		};
		428DA3831C0A92AD001666EF /* fileserver */ = {
			isa = PBXGroup;
			children = (
				428DA3841C0A92AD001666EF /* AppDelegate.swift */,
				428DA3861C0A92AD001666EF /* Assets.xcassets */,
				428DA3881C0A92AD001666EF /* MainMenu.xib */,
				428DA38B1C0A92AD001666EF /* Info.plist */,
				428DA3901C0A92E1001666EF /* fileserver.swift */,
			);
			name = fileserver;
			path = fileserver_app;
			sourceTree = "<group>";
		};
		428DA3971C0A9482001666EF /* Products */ = {
			isa = PBXGroup;
			children = (
				428DA39C1C0A9482001666EF /* twohundred.framework */,
				428DA39E1C0A9482001666EF /* tests.xctest */,
			);
			name = Products;
			sourceTree = "<group>";
		};
/* End PBXGroup section */

/* Begin PBXNativeTarget section */
		428DA3811C0A92AD001666EF /* fileserver */ = {
			isa = PBXNativeTarget;
			buildConfigurationList = 428DA38C1C0A92AD001666EF /* Build configuration list for PBXNativeTarget "fileserver" */;
			buildPhases = (
				428DA37E1C0A92AD001666EF /* Sources */,
				428DA37F1C0A92AD001666EF /* Frameworks */,
				428DA3801C0A92AD001666EF /* Resources */,
				428DA3A61C0A94A8001666EF /* Embed Frameworks */,
			);
			buildRules = (
			);
			dependencies = (
				428DA3A01C0A949A001666EF /* PBXTargetDependency */,
				428DA3A51C0A94A8001666EF /* PBXTargetDependency */,
			);
			name = fileserver;
			productName = fileserver_app;
			productReference = 428DA3821C0A92AD001666EF /* fileserver.app */;
			productType = "com.apple.product-type.application";
		};
/* End PBXNativeTarget section */

/* Begin PBXProject section */
		428DA3571C0A872C001666EF /* Project object */ = {
			isa = PBXProject;
			attributes = {
				LastSwiftUpdateCheck = 0720;
				LastUpgradeCheck = 0720;
				ORGANIZATIONNAME = "Johannes Schriewer";
				TargetAttributes = {
					428DA3811C0A92AD001666EF = {
						CreatedOnToolsVersion = 7.2;
					};
				};
			};
			buildConfigurationList = 428DA35A1C0A872C001666EF /* Build configuration list for PBXProject "fileserver" */;
			compatibilityVersion = "Xcode 3.2";
			developmentRegion = English;
			hasScannedForEncodings = 0;
			knownRegions = (
				en,
				Base,
			);
			mainGroup = 428DA3561C0A872C001666EF;
			productRefGroup = 428DA3601C0A872C001666EF /* Products */;
			projectDirPath = "";
			projectReferences = (
				{
					ProductGroup = 428DA3971C0A9482001666EF /* Products */;
					ProjectRef = 428DA3961C0A9482001666EF /* twohundred.xcodeproj */;
				},
			);
			projectRoot = "";
			targets = (
				428DA3811C0A92AD001666EF /* fileserver */,
			);
		};
/* End PBXProject section */

/* Begin PBXReferenceProxy section */
		428DA39C1C0A9482001666EF /* twohundred.framework */ = {
			isa = PBXReferenceProxy;
			fileType = wrapper.framework;
			path = twohundred.framework;
			remoteRef = 428DA39B1C0A9482001666EF /* PBXContainerItemProxy */;
			sourceTree = BUILT_PRODUCTS_DIR;
		};
		428DA39E1C0A9482001666EF /* tests.xctest */ = {
			isa = PBXReferenceProxy;
			fileType = wrapper.cfbundle;
			path = tests.xctest;
			remoteRef = 428DA39D1C0A9482001666EF /* PBXContainerItemProxy */;
			sourceTree = BUILT_PRODUCTS_DIR;
		};
/* End PBXReferenceProxy section */

/* Begin PBXResourcesBuildPhase section */
		428DA3801C0A92AD001666EF /* Resources */ = {
			isa = PBXResourcesBuildPhase;
			buildActionMask = 2147483647;
			files = (
				428DA3871C0A92AD001666EF /* Assets.xcassets in Resources */,
				428DA38A1C0A92AD001666EF /* MainMenu.xib in Resources */,
			);
			runOnlyForDeploymentPostprocessing = 0;
		};
/* End PBXResourcesBuildPhase section */

/* Begin PBXSourcesBuildPhase section */
		428DA37E1C0A92AD001666EF /* Sources */ = {
			isa = PBXSourcesBuildPhase;
			buildActionMask = 2147483647;
			files = (
				428DA3911C0A92E1001666EF /* fileserver.swift in Sources */,
				428DA3851C0A92AD001666EF /* AppDelegate.swift in Sources */,
			);
			runOnlyForDeploymentPostprocessing = 0;
		};
/* End PBXSourcesBuildPhase section */

/* Begin PBXTargetDependency section */
		428DA3A01C0A949A001666EF /* PBXTargetDependency */ = {
			isa = PBXTargetDependency;
			name = twohundred;
			targetProxy = 428DA39F1C0A949A001666EF /* PBXContainerItemProxy */;
		};
		428DA3A51C0A94A8001666EF /* PBXTargetDependency */ = {
			isa = PBXTargetDependency;
			name = twohundred;
			targetProxy = 428DA3A41C0A94A8001666EF /* PBXContainerItemProxy */;
		};
/* End PBXTargetDependency section */

/* Begin PBXVariantGroup section */
		428DA3881C0A92AD001666EF /* MainMenu.xib */ = {
			isa = PBXVariantGroup;
			children = (
				428DA3891C0A92AD001666EF /* Base */,
			);
			name = MainMenu.xib;
			sourceTree = "<group>";
		};
/* End PBXVariantGroup section */

/* Begin XCBuildConfiguration section */
		428DA3641C0A872C001666EF /* Debug */ = {
			isa = XCBuildConfiguration;
			buildSettings = {
				ALWAYS_SEARCH_USER_PATHS = NO;
				CLANG_CXX_LANGUAGE_STANDARD = "gnu++0x";
				CLANG_CXX_LIBRARY = "libc++";
				CLANG_ENABLE_MODULES = YES;
				CLANG_ENABLE_OBJC_ARC = YES;
				CLANG_WARN_BOOL_CONVERSION = YES;
				CLANG_WARN_CONSTANT_CONVERSION = YES;
				CLANG_WARN_DIRECT_OBJC_ISA_USAGE = YES_ERROR;
				CLANG_WARN_EMPTY_BODY = YES;
				CLANG_WARN_ENUM_CONVERSION = YES;
				CLANG_WARN_INT_CONVERSION = YES;
				CLANG_WARN_OBJC_ROOT_CLASS = YES_ERROR;
				CLANG_WARN_UNREACHABLE_CODE = YES;
				CLANG_WARN__DUPLICATE_METHOD_MATCH = YES;
				CODE_SIGN_IDENTITY = "-";
				COPY_PHASE_STRIP = NO;
				DEBUG_INFORMATION_FORMAT = dwarf;
				ENABLE_STRICT_OBJC_MSGSEND = YES;
				ENABLE_TESTABILITY = YES;
				GCC_C_LANGUAGE_STANDARD = gnu99;
				GCC_DYNAMIC_NO_PIC = NO;
				GCC_NO_COMMON_BLOCKS = YES;
				GCC_OPTIMIZATION_LEVEL = 0;
				GCC_PREPROCESSOR_DEFINITIONS = (
					"DEBUG=1",
					"$(inherited)",
				);
				GCC_WARN_64_TO_32_BIT_CONVERSION = YES;
				GCC_WARN_ABOUT_RETURN_TYPE = YES_ERROR;
				GCC_WARN_UNDECLARED_SELECTOR = YES;
				GCC_WARN_UNINITIALIZED_AUTOS = YES_AGGRESSIVE;
				GCC_WARN_UNUSED_FUNCTION = YES;
				GCC_WARN_UNUSED_VARIABLE = YES;
				MACOSX_DEPLOYMENT_TARGET = 10.11;
				MTL_ENABLE_DEBUG_INFO = YES;
				ONLY_ACTIVE_ARCH = YES;
				SDKROOT = macosx;
				SWIFT_OPTIMIZATION_LEVEL = "-Onone";
			};
			name = Debug;
		};
		428DA3651C0A872C001666EF /* Release */ = {
			isa = XCBuildConfiguration;
			buildSettings = {
				ALWAYS_SEARCH_USER_PATHS = NO;
				CLANG_CXX_LANGUAGE_STANDARD = "gnu++0x";
				CLANG_CXX_LIBRARY = "libc++";
				CLANG_ENABLE_MODULES = YES;
				CLANG_ENABLE_OBJC_ARC = YES;
				CLANG_WARN_BOOL_CONVERSION = YES;
				CLANG_WARN_CONSTANT_CONVERSION = YES;
				CLANG_WARN_DIRECT_OBJC_ISA_USAGE = YES_ERROR;
				CLANG_WARN_EMPTY_BODY = YES;
				CLANG_WARN_ENUM_CONVERSION = YES;
				CLANG_WARN_INT_CONVERSION = YES;
				CLANG_WARN_OBJC_ROOT_CLASS = YES_ERROR;
				CLANG_WARN_UNREACHABLE_CODE = YES;
				CLANG_WARN__DUPLICATE_METHOD_MATCH = YES;
				CODE_SIGN_IDENTITY = "-";
				COPY_PHASE_STRIP = NO;
				DEBUG_INFORMATION_FORMAT = "dwarf-with-dsym";
				ENABLE_NS_ASSERTIONS = NO;
				ENABLE_STRICT_OBJC_MSGSEND = YES;
				GCC_C_LANGUAGE_STANDARD = gnu99;
				GCC_NO_COMMON_BLOCKS = YES;
				GCC_WARN_64_TO_32_BIT_CONVERSION = YES;
				GCC_WARN_ABOUT_RETURN_TYPE = YES_ERROR;
				GCC_WARN_UNDECLARED_SELECTOR = YES;
				GCC_WARN_UNINITIALIZED_AUTOS = YES_AGGRESSIVE;
				GCC_WARN_UNUSED_FUNCTION = YES;
				GCC_WARN_UNUSED_VARIABLE = YES;
				MACOSX_DEPLOYMENT_TARGET = 10.11;
				MTL_ENABLE_DEBUG_INFO = NO;
				SDKROOT = macosx;
			};
			name = Release;
		};
		428DA38D1C0A92AD001666EF /* Debug */ = {
			isa = XCBuildConfiguration;
			buildSettings = {
				ASSETCATALOG_COMPILER_APPICON_NAME = AppIcon;
				COMBINE_HIDPI_IMAGES = YES;
				EMBEDDED_CONTENT_CONTAINS_SWIFT = YES;
				INFOPLIST_FILE = fileserver_app/Info.plist;
				LD_RUNPATH_SEARCH_PATHS = "$(inherited) @executable_path/../Frameworks";
				PRODUCT_BUNDLE_IDENTIFIER = "de.dunkelstern.fileserver-app";
				PRODUCT_NAME = "$(TARGET_NAME)";
			};
			name = Debug;
		};
		428DA38E1C0A92AD001666EF /* Release */ = {
			isa = XCBuildConfiguration;
			buildSettings = {
				ASSETCATALOG_COMPILER_APPICON_NAME = AppIcon;
				COMBINE_HIDPI_IMAGES = YES;
				EMBEDDED_CONTENT_CONTAINS_SWIFT = YES;
				INFOPLIST_FILE = fileserver_app/Info.plist;
				LD_RUNPATH_SEARCH_PATHS = "$(inherited) @executable_path/../Frameworks";
				PRODUCT_BUNDLE_IDENTIFIER = "de.dunkelstern.fileserver-app";
				PRODUCT_NAME = "$(TARGET_NAME)";
			};
			name = Release;
		};
/* End XCBuildConfiguration section */

/* Begin XCConfigurationList section */
		428DA35A1C0A872C001666EF /* Build configuration list for PBXProject "fileserver" */ = {
			isa = XCConfigurationList;
			buildConfigurations = (
				428DA3641C0A872C001666EF /* Debug */,
				428DA3651C0A872C001666EF /* Release */,
			);
			defaultConfigurationIsVisible = 0;
			defaultConfigurationName = Release;
		};
		428DA38C1C0A92AD001666EF /* Build configuration list for PBXNativeTarget "fileserver" */ = {
			isa = XCConfigurationList;
			buildConfigurations = (
				428DA38D1C0A92AD001666EF /* Debug */,
				428DA38E1C0A92AD001666EF /* Release */,
			);
			defaultConfigurationIsVisible = 0;
			defaultConfigurationName = Release;
		};
/* End XCConfigurationList section */
	};
	rootObject = 428DA3571C0A872C001666EF /* Project object */;
}
